
Microsoft Visual Studio Solution File, Format Version 12.00
# Visual Studio 15
VisualStudioVersion = 15.0.27004.2008
MinimumVisualStudioVersion = 10.0.40219.1
Project("{D954291E-2A0B-460D-934E-DC6B0785DB48}") = "Walterlv.Demo.Sharing", "src\Walterlv.Demo.Sharing\Walterlv.Demo.Sharing.shproj", "{228CBE7C-8504-47B2-A88B-E1D9EEB8B985}"
EndProject
Project("{2150E333-8FDC-42A3-9474-1A3956D46DE8}") = "_SulutionItems", "_SulutionItems", "{CF02BC25-EE9A-4C41-893F-06E7EC76845B}"
	ProjectSection(SolutionItems) = preProject
		.gitattributes = .gitattributes
		.gitignore = .gitignore
		LICENSE = LICENSE
		README.md = README.md
	EndProjectSection
EndProject
Project("{FAE04EC0-301F-11D3-BF4B-00C04F79EFBC}") = "Walterlv.Demo.WPF", "src\Walterlv.Demo.WPF\Walterlv.Demo.WPF.csproj", "{1BCAD164-EF18-4A0B-A435-FBD5698EEC92}"
EndProject
Project("{9A19103F-16F7-4668-BE54-9A1E7A4F7556}") = "Walterlv.Core", "src\Walterlv.Core\Walterlv.Core.csproj", "{D5AE13EE-7146-47DE-ABF2-78A1E94AB939}"
EndProject
Project("{FAE04EC0-301F-11D3-BF4B-00C04F79EFBC}") = "Walterlv.Demo.UWP", "src\Walterlv.Demo.UWP\Walterlv.Demo.UWP.csproj", "{DCD61BDB-2434-480A-A104-8D278AAE0F3B}"
EndProject
Project("{9A19103F-16F7-4668-BE54-9A1E7A4F7556}") = "Walterlv.Localizations", "src\Walterlv.Localizations\Walterlv.Localizations.csproj", "{36179EF4-9B36-4531-AA59-55F098D622A9}"
EndProject
Project("{FAE04EC0-301F-11D3-BF4B-00C04F79EFBC}") = "Walterlv.Extensions.WPF", "src\Extensions\Walterlv.Extensions.WPF\Walterlv.Extensions.WPF.csproj", "{12676C8A-9048-4882-AA55-4DA19A77FF16}"
EndProject
Project("{2150E333-8FDC-42A3-9474-1A3956D46DE8}") = "Framework", "Framework", "{35C70677-F3D3-47C3-87F1-9DDD81920EBB}"
EndProject
Project("{2150E333-8FDC-42A3-9474-1A3956D46DE8}") = "Demo", "Demo", "{A54CD904-72F0-4957-A991-28070FB9AD32}"
EndProject
Project("{2150E333-8FDC-42A3-9474-1A3956D46DE8}") = "Extensions", "Extensions", "{F51D24FB-0661-477A-A359-700908F4FD74}"
EndProject
Project("{FAE04EC0-301F-11D3-BF4B-00C04F79EFBC}") = "Walterlv.Extension.Contract", "src\Walterlv.Extension.Contract\Walterlv.Extension.Contract.csproj", "{9ED8B587-7277-4355-8D6D-CA6E3F94738E}"
EndProject
Global
	GlobalSection(SharedMSBuildProjectFiles) = preSolution
		src\Walterlv.Demo.Sharing\Walterlv.Demo.Sharing.projitems*{228cbe7c-8504-47b2-a88b-e1d9eeb8b985}*SharedItemsImports = 13
	EndGlobalSection
	GlobalSection(SolutionConfigurationPlatforms) = preSolution
		Debug|Any CPU = Debug|Any CPU
		Debug|ARM = Debug|ARM
		Debug|x64 = Debug|x64
		Debug|x86 = Debug|x86
		Release|Any CPU = Release|Any CPU
		Release|ARM = Release|ARM
		Release|x64 = Release|x64
		Release|x86 = Release|x86
	EndGlobalSection
	GlobalSection(ProjectConfigurationPlatforms) = postSolution
		{1BCAD164-EF18-4A0B-A435-FBD5698EEC92}.Debug|Any CPU.ActiveCfg = Debug|Any CPU
		{1BCAD164-EF18-4A0B-A435-FBD5698EEC92}.Debug|Any CPU.Build.0 = Debug|Any CPU
		{1BCAD164-EF18-4A0B-A435-FBD5698EEC92}.Debug|ARM.ActiveCfg = Debug|Any CPU
		{1BCAD164-EF18-4A0B-A435-FBD5698EEC92}.Debug|ARM.Build.0 = Debug|Any CPU
		{1BCAD164-EF18-4A0B-A435-FBD5698EEC92}.Debug|x64.ActiveCfg = Debug|Any CPU
		{1BCAD164-EF18-4A0B-A435-FBD5698EEC92}.Debug|x64.Build.0 = Debug|Any CPU
		{1BCAD164-EF18-4A0B-A435-FBD5698EEC92}.Debug|x86.ActiveCfg = Debug|Any CPU
		{1BCAD164-EF18-4A0B-A435-FBD5698EEC92}.Debug|x86.Build.0 = Debug|Any CPU
		{1BCAD164-EF18-4A0B-A435-FBD5698EEC92}.Release|Any CPU.ActiveCfg = Release|Any CPU
		{1BCAD164-EF18-4A0B-A435-FBD5698EEC92}.Release|Any CPU.Build.0 = Release|Any CPU
		{1BCAD164-EF18-4A0B-A435-FBD5698EEC92}.Release|ARM.ActiveCfg = Release|Any CPU
		{1BCAD164-EF18-4A0B-A435-FBD5698EEC92}.Release|ARM.Build.0 = Release|Any CPU
		{1BCAD164-EF18-4A0B-A435-FBD5698EEC92}.Release|x64.ActiveCfg = Release|Any CPU
		{1BCAD164-EF18-4A0B-A435-FBD5698EEC92}.Release|x64.Build.0 = Release|Any CPU
		{1BCAD164-EF18-4A0B-A435-FBD5698EEC92}.Release|x86.ActiveCfg = Release|Any CPU
		{1BCAD164-EF18-4A0B-A435-FBD5698EEC92}.Release|x86.Build.0 = Release|Any CPU
		{D5AE13EE-7146-47DE-ABF2-78A1E94AB939}.Debug|Any CPU.ActiveCfg = Debug|Any CPU
		{D5AE13EE-7146-47DE-ABF2-78A1E94AB939}.Debug|Any CPU.Build.0 = Debug|Any CPU
		{D5AE13EE-7146-47DE-ABF2-78A1E94AB939}.Debug|ARM.ActiveCfg = Debug|Any CPU
		{D5AE13EE-7146-47DE-ABF2-78A1E94AB939}.Debug|ARM.Build.0 = Debug|Any CPU
		{D5AE13EE-7146-47DE-ABF2-78A1E94AB939}.Debug|x64.ActiveCfg = Debug|Any CPU
		{D5AE13EE-7146-47DE-ABF2-78A1E94AB939}.Debug|x64.Build.0 = Debug|Any CPU
		{D5AE13EE-7146-47DE-ABF2-78A1E94AB939}.Debug|x86.ActiveCfg = Debug|Any CPU
		{D5AE13EE-7146-47DE-ABF2-78A1E94AB939}.Debug|x86.Build.0 = Debug|Any CPU
		{D5AE13EE-7146-47DE-ABF2-78A1E94AB939}.Release|Any CPU.ActiveCfg = Release|Any CPU
		{D5AE13EE-7146-47DE-ABF2-78A1E94AB939}.Release|Any CPU.Build.0 = Release|Any CPU
		{D5AE13EE-7146-47DE-ABF2-78A1E94AB939}.Release|ARM.ActiveCfg = Release|Any CPU
		{D5AE13EE-7146-47DE-ABF2-78A1E94AB939}.Release|ARM.Build.0 = Release|Any CPU
		{D5AE13EE-7146-47DE-ABF2-78A1E94AB939}.Release|x64.ActiveCfg = Release|Any CPU
		{D5AE13EE-7146-47DE-ABF2-78A1E94AB939}.Release|x64.Build.0 = Release|Any CPU
		{D5AE13EE-7146-47DE-ABF2-78A1E94AB939}.Release|x86.ActiveCfg = Release|Any CPU
		{D5AE13EE-7146-47DE-ABF2-78A1E94AB939}.Release|x86.Build.0 = Release|Any CPU
		{DCD61BDB-2434-480A-A104-8D278AAE0F3B}.Debug|Any CPU.ActiveCfg = Debug|x86
		{DCD61BDB-2434-480A-A104-8D278AAE0F3B}.Debug|Any CPU.Build.0 = Debug|x86
		{DCD61BDB-2434-480A-A104-8D278AAE0F3B}.Debug|Any CPU.Deploy.0 = Debug|x86
		{DCD61BDB-2434-480A-A104-8D278AAE0F3B}.Debug|ARM.ActiveCfg = Debug|ARM
		{DCD61BDB-2434-480A-A104-8D278AAE0F3B}.Debug|ARM.Build.0 = Debug|ARM
		{DCD61BDB-2434-480A-A104-8D278AAE0F3B}.Debug|ARM.Deploy.0 = Debug|ARM
		{DCD61BDB-2434-480A-A104-8D278AAE0F3B}.Debug|x64.ActiveCfg = Debug|x64
		{DCD61BDB-2434-480A-A104-8D278AAE0F3B}.Debug|x64.Build.0 = Debug|x64
		{DCD61BDB-2434-480A-A104-8D278AAE0F3B}.Debug|x64.Deploy.0 = Debug|x64
		{DCD61BDB-2434-480A-A104-8D278AAE0F3B}.Debug|x86.ActiveCfg = Debug|x86
		{DCD61BDB-2434-480A-A104-8D278AAE0F3B}.Debug|x86.Build.0 = Debug|x86
		{DCD61BDB-2434-480A-A104-8D278AAE0F3B}.Debug|x86.Deploy.0 = Debug|x86
		{DCD61BDB-2434-480A-A104-8D278AAE0F3B}.Release|Any CPU.ActiveCfg = Release|x86
		{DCD61BDB-2434-480A-A104-8D278AAE0F3B}.Release|Any CPU.Build.0 = Release|x86
		{DCD61BDB-2434-480A-A104-8D278AAE0F3B}.Release|Any CPU.Deploy.0 = Release|x86
		{DCD61BDB-2434-480A-A104-8D278AAE0F3B}.Release|ARM.ActiveCfg = Release|ARM
		{DCD61BDB-2434-480A-A104-8D278AAE0F3B}.Release|ARM.Build.0 = Release|ARM
		{DCD61BDB-2434-480A-A104-8D278AAE0F3B}.Release|ARM.Deploy.0 = Release|ARM
		{DCD61BDB-2434-480A-A104-8D278AAE0F3B}.Release|x64.ActiveCfg = Release|x64
		{DCD61BDB-2434-480A-A104-8D278AAE0F3B}.Release|x64.Build.0 = Release|x64
		{DCD61BDB-2434-480A-A104-8D278AAE0F3B}.Release|x64.Deploy.0 = Release|x64
		{DCD61BDB-2434-480A-A104-8D278AAE0F3B}.Release|x86.ActiveCfg = Release|x86
		{DCD61BDB-2434-480A-A104-8D278AAE0F3B}.Release|x86.Build.0 = Release|x86
		{DCD61BDB-2434-480A-A104-8D278AAE0F3B}.Release|x86.Deploy.0 = Release|x86
		{36179EF4-9B36-4531-AA59-55F098D622A9}.Debug|Any CPU.ActiveCfg = Debug|Any CPU
		{36179EF4-9B36-4531-AA59-55F098D622A9}.Debug|Any CPU.Build.0 = Debug|Any CPU
		{36179EF4-9B36-4531-AA59-55F098D622A9}.Debug|ARM.ActiveCfg = Debug|Any CPU
		{36179EF4-9B36-4531-AA59-55F098D622A9}.Debug|ARM.Build.0 = Debug|Any CPU
		{36179EF4-9B36-4531-AA59-55F098D622A9}.Debug|x64.ActiveCfg = Debug|Any CPU
		{36179EF4-9B36-4531-AA59-55F098D622A9}.Debug|x64.Build.0 = Debug|Any CPU
		{36179EF4-9B36-4531-AA59-55F098D622A9}.Debug|x86.ActiveCfg = Debug|Any CPU
		{36179EF4-9B36-4531-AA59-55F098D622A9}.Debug|x86.Build.0 = Debug|Any CPU
		{36179EF4-9B36-4531-AA59-55F098D622A9}.Release|Any CPU.ActiveCfg = Release|Any CPU
		{36179EF4-9B36-4531-AA59-55F098D622A9}.Release|Any CPU.Build.0 = Release|Any CPU
		{36179EF4-9B36-4531-AA59-55F098D622A9}.Release|ARM.ActiveCfg = Release|Any CPU
		{36179EF4-9B36-4531-AA59-55F098D622A9}.Release|ARM.Build.0 = Release|Any CPU
		{36179EF4-9B36-4531-AA59-55F098D622A9}.Release|x64.ActiveCfg = Release|Any CPU
		{36179EF4-9B36-4531-AA59-55F098D622A9}.Release|x64.Build.0 = Release|Any CPU
		{36179EF4-9B36-4531-AA59-55F098D622A9}.Release|x86.ActiveCfg = Release|Any CPU
		{36179EF4-9B36-4531-AA59-55F098D622A9}.Release|x86.Build.0 = Release|Any CPU
		{12676C8A-9048-4882-AA55-4DA19A77FF16}.Debug|Any CPU.ActiveCfg = Debug|Any CPU
		{12676C8A-9048-4882-AA55-4DA19A77FF16}.Debug|Any CPU.Build.0 = Debug|Any CPU
		{12676C8A-9048-4882-AA55-4DA19A77FF16}.Debug|ARM.ActiveCfg = Debug|Any CPU
		{12676C8A-9048-4882-AA55-4DA19A77FF16}.Debug|ARM.Build.0 = Debug|Any CPU
		{12676C8A-9048-4882-AA55-4DA19A77FF16}.Debug|x64.ActiveCfg = Debug|Any CPU
		{12676C8A-9048-4882-AA55-4DA19A77FF16}.Debug|x64.Build.0 = Debug|Any CPU
		{12676C8A-9048-4882-AA55-4DA19A77FF16}.Debug|x86.ActiveCfg = Debug|Any CPU
		{12676C8A-9048-4882-AA55-4DA19A77FF16}.Debug|x86.Build.0 = Debug|Any CPU
		{12676C8A-9048-4882-AA55-4DA19A77FF16}.Release|Any CPU.ActiveCfg = Release|Any CPU
		{12676C8A-9048-4882-AA55-4DA19A77FF16}.Release|Any CPU.Build.0 = Release|Any CPU
		{12676C8A-9048-4882-AA55-4DA19A77FF16}.Release|ARM.ActiveCfg = Release|Any CPU
		{12676C8A-9048-4882-AA55-4DA19A77FF16}.Release|ARM.Build.0 = Release|Any CPU
		{12676C8A-9048-4882-AA55-4DA19A77FF16}.Release|x64.ActiveCfg = Release|Any CPU
		{12676C8A-9048-4882-AA55-4DA19A77FF16}.Release|x64.Build.0 = Release|Any CPU
		{12676C8A-9048-4882-AA55-4DA19A77FF16}.Release|x86.ActiveCfg = Release|Any CPU
		{12676C8A-9048-4882-AA55-4DA19A77FF16}.Release|x86.Build.0 = Release|Any CPU
		{9ED8B587-7277-4355-8D6D-CA6E3F94738E}.Debug|Any CPU.ActiveCfg = Debug|Any CPU
		{9ED8B587-7277-4355-8D6D-CA6E3F94738E}.Debug|Any CPU.Build.0 = Debug|Any CPU
		{9ED8B587-7277-4355-8D6D-CA6E3F94738E}.Debug|ARM.ActiveCfg = Debug|Any CPU
		{9ED8B587-7277-4355-8D6D-CA6E3F94738E}.Debug|ARM.Build.0 = Debug|Any CPU
		{9ED8B587-7277-4355-8D6D-CA6E3F94738E}.Debug|x64.ActiveCfg = Debug|Any CPU
		{9ED8B587-7277-4355-8D6D-CA6E3F94738E}.Debug|x64.Build.0 = Debug|Any CPU
		{9ED8B587-7277-4355-8D6D-CA6E3F94738E}.Debug|x86.ActiveCfg = Debug|Any CPU
		{9ED8B587-7277-4355-8D6D-CA6E3F94738E}.Debug|x86.Build.0 = Debug|Any CPU
		{9ED8B587-7277-4355-8D6D-CA6E3F94738E}.Release|Any CPU.ActiveCfg = Release|Any CPU
		{9ED8B587-7277-4355-8D6D-CA6E3F94738E}.Release|Any CPU.Build.0 = Release|Any CPU
		{9ED8B587-7277-4355-8D6D-CA6E3F94738E}.Release|ARM.ActiveCfg = Release|Any CPU
		{9ED8B587-7277-4355-8D6D-CA6E3F94738E}.Release|ARM.Build.0 = Release|Any CPU
		{9ED8B587-7277-4355-8D6D-CA6E3F94738E}.Release|x64.ActiveCfg = Release|Any CPU
		{9ED8B587-7277-4355-8D6D-CA6E3F94738E}.Release|x64.Build.0 = Release|Any CPU
		{9ED8B587-7277-4355-8D6D-CA6E3F94738E}.Release|x86.ActiveCfg = Release|Any CPU
		{9ED8B587-7277-4355-8D6D-CA6E3F94738E}.Release|x86.Build.0 = Release|Any CPU
	EndGlobalSection
	GlobalSection(SolutionProperties) = preSolution
		HideSolutionNode = FALSE
	EndGlobalSection
	GlobalSection(NestedProjects) = preSolution
		{228CBE7C-8504-47B2-A88B-E1D9EEB8B985} = {A54CD904-72F0-4957-A991-28070FB9AD32}
		{1BCAD164-EF18-4A0B-A435-FBD5698EEC92} = {A54CD904-72F0-4957-A991-28070FB9AD32}
		{D5AE13EE-7146-47DE-ABF2-78A1E94AB939} = {35C70677-F3D3-47C3-87F1-9DDD81920EBB}
		{DCD61BDB-2434-480A-A104-8D278AAE0F3B} = {A54CD904-72F0-4957-A991-28070FB9AD32}
		{36179EF4-9B36-4531-AA59-55F098D622A9} = {35C70677-F3D3-47C3-87F1-9DDD81920EBB}
		{12676C8A-9048-4882-AA55-4DA19A77FF16} = {F51D24FB-0661-477A-A359-700908F4FD74}
		{9ED8B587-7277-4355-8D6D-CA6E3F94738E} = {F51D24FB-0661-477A-A359-700908F4FD74}
	EndGlobalSection
	GlobalSection(ExtensibilityGlobals) = postSolution
		SolutionGuid = {E8847463-92FF-41DD-A7A3-0B729C0F3B93}
	EndGlobalSection
EndGlobal
